// !$*UTF8*$!
{
	archiveVersion = 1;
	classes = {
	};
	objectVersion = 48;
	objects = {

/* Begin PBXBuildFile section */
		C00565F51FB3B9BA00181146 /* AppDelegate.m in Sources */ = {isa = PBXBuildFile; fileRef = C00565F41FB3B9BA00181146 /* AppDelegate.m */; };
		C00565F81FB3B9BA00181146 /* ViewController.m in Sources */ = {isa = PBXBuildFile; fileRef = C00565F71FB3B9BA00181146 /* ViewController.m */; };
		C00565FB1FB3B9BA00181146 /* Main.storyboard in Resources */ = {isa = PBXBuildFile; fileRef = C00565F91FB3B9BA00181146 /* Main.storyboard */; };
		C00565FD1FB3B9BA00181146 /* Assets.xcassets in Resources */ = {isa = PBXBuildFile; fileRef = C00565FC1FB3B9BA00181146 /* Assets.xcassets */; };
		C00566001FB3B9BA00181146 /* LaunchScreen.storyboard in Resources */ = {isa = PBXBuildFile; fileRef = C00565FE1FB3B9BA00181146 /* LaunchScreen.storyboard */; };
		C00566031FB3B9BA00181146 /* main.m in Sources */ = {isa = PBXBuildFile; fileRef = C00566021FB3B9BA00181146 /* main.m */; };
/* End PBXBuildFile section */

/* Begin PBXFileReference section */
		C00565F01FB3B9BA00181146 /* BillSplitter.app */ = {isa = PBXFileReference; explicitFileType = wrapper.application; includeInIndex = 0; path = BillSplitter.app; sourceTree = BUILT_PRODUCTS_DIR; };
		C00565F31FB3B9BA00181146 /* AppDelegate.h */ = {isa = PBXFileReference; lastKnownFileType = sourcecode.c.h; path = AppDelegate.h; sourceTree = "<group>"; };
		C00565F41FB3B9BA00181146 /* AppDelegate.m */ = {isa = PBXFileReference; lastKnownFileType = sourcecode.c.objc; path = AppDelegate.m; sourceTree = "<group>"; };
		C00565F61FB3B9BA00181146 /* ViewController.h */ = {isa = PBXFileReference; lastKnownFileType = sourcecode.c.h; path = ViewController.h; sourceTree = "<group>"; };
		C00565F71FB3B9BA00181146 /* ViewController.m */ = {isa = PBXFileReference; lastKnownFileType = sourcecode.c.objc; path = ViewController.m; sourceTree = "<group>"; };
		C00565FA1FB3B9BA00181146 /* Base */ = {isa = PBXFileReference; lastKnownFileType = file.storyboard; name = Base; path = Base.lproj/Main.storyboard; sourceTree = "<group>"; };
		C00565FC1FB3B9BA00181146 /* Assets.xcassets */ = {isa = PBXFileReference; lastKnownFileType = folder.assetcatalog; path = Assets.xcassets; sourceTree = "<group>"; };
		C00565FF1FB3B9BA00181146 /* Base */ = {isa = PBXFileReference; lastKnownFileType = file.storyboard; name = Base; path = Base.lproj/LaunchScreen.storyboard; sourceTree = "<group>"; };
		C00566011FB3B9BA00181146 /* Info.plist */ = {isa = PBXFileReference; lastKnownFileType = text.plist.xml; path = Info.plist; sourceTree = "<group>"; };
		C00566021FB3B9BA00181146 /* main.m */ = {isa = PBXFileReference; lastKnownFileType = sourcecode.c.objc; path = main.m; sourceTree = "<group>"; };
/* End PBXFileReference section */

/* Begin PBXFrameworksBuildPhase section */
		C00565ED1FB3B9BA00181146 /* Frameworks */ = {
			isa = PBXFrameworksBuildPhase;
			buildActionMask = 2147483647;
			files = (
			);
			runOnlyForDeploymentPostprocessing = 0;
		};
/* End PBXFrameworksBuildPhase section */

/* Begin PBXGroup section */
		C00565E71FB3B9BA00181146 = {
			isa = PBXGroup;
			children = (
				C00565F21FB3B9BA00181146 /* BillSplitter */,
				C00565F11FB3B9BA00181146 /* Products */,
			);
			sourceTree = "<group>";
		};
		C00565F11FB3B9BA00181146 /* Products */ = {
			isa = PBXGroup;
			children = (
				C00565F01FB3B9BA00181146 /* BillSplitter.app */,
			);
			name = Products;
			sourceTree = "<group>";
		};
		C00565F21FB3B9BA00181146 /* BillSplitter */ = {
			isa = PBXGroup;
			children = (
				C00565F31FB3B9BA00181146 /* AppDelegate.h */,
				C00565F41FB3B9BA00181146 /* AppDelegate.m */,
				C00565F61FB3B9BA00181146 /* ViewController.h */,
				C00565F71FB3B9BA00181146 /* ViewController.m */,
				C00565F91FB3B9BA00181146 /* Main.storyboard */,
				C00565FC1FB3B9BA00181146 /* Assets.xcassets */,
				C00565FE1FB3B9BA00181146 /* LaunchScreen.storyboard */,
				C00566011FB3B9BA00181146 /* Info.plist */,
				C00566021FB3B9BA00181146 /* main.m */,
			);
			path = BillSplitter;
			sourceTree = "<group>";
		};
/* End PBXGroup section */

/* Begin PBXNativeTarget section */
		C00565EF1FB3B9BA00181146 /* BillSplitter */ = {
			isa = PBXNativeTarget;
			buildConfigurationList = C00566061FB3B9BA00181146 /* Build configuration list for PBXNativeTarget "BillSplitter" */;
			buildPhases = (
				C00565EC1FB3B9BA00181146 /* Sources */,
				C00565ED1FB3B9BA00181146 /* Frameworks */,
				C00565EE1FB3B9BA00181146 /* Resources */,
			);
			buildRules = (
			);
			dependencies = (
			);
			name = BillSplitter;
			productName = BillSplitter;
			productReference = C00565F01FB3B9BA00181146 /* BillSplitter.app */;
			productType = "com.apple.product-type.application";
		};
/* End PBXNativeTarget section */

/* Begin PBXProject section */
		C00565E81FB3B9BA00181146 /* Project object */ = {
			isa = PBXProject;
			attributes = {
				LastUpgradeCheck = 0910;
				ORGANIZATIONNAME = "Daniel Grosman";
				TargetAttributes = {
					C00565EF1FB3B9BA00181146 = {
						CreatedOnToolsVersion = 9.1;
						ProvisioningStyle = Automatic;
					};
				};
			};
			buildConfigurationList = C00565EB1FB3B9BA00181146 /* Build configuration list for PBXProject "BillSplitter" */;
			compatibilityVersion = "Xcode 8.0";
			developmentRegion = en;
			hasScannedForEncodings = 0;
			knownRegions = (
				en,
				Base,
			);
			mainGroup = C00565E71FB3B9BA00181146;
			productRefGroup = C00565F11FB3B9BA00181146 /* Products */;
			projectDirPath = "";
			projectRoot = "";
			targets = (
				C00565EF1FB3B9BA00181146 /* BillSplitter */,
			);
		};
/* End PBXProject section */

/* Begin PBXResourcesBuildPhase section */
		C00565EE1FB3B9BA00181146 /* Resources */ = {
			isa = PBXResourcesBuildPhase;
			buildActionMask = 2147483647;
			files = (
				C00566001FB3B9BA00181146 /* LaunchScreen.storyboard in Resources */,
				C00565FD1FB3B9BA00181146 /* Assets.xcassets in Resources */,
				C00565FB1FB3B9BA00181146 /* Main.storyboard in Resources */,
			);
			runOnlyForDeploymentPostprocessing = 0;
		};
/* End PBXResourcesBuildPhase section */

/* Begin PBXSourcesBuildPhase section */
		C00565EC1FB3B9BA00181146 /* Sources */ = {
			isa = PBXSourcesBuildPhase;
			buildActionMask = 2147483647;
			files = (
				C00565F81FB3B9BA00181146 /* ViewController.m in Sources */,
				C00566031FB3B9BA00181146 /* main.m in Sources */,
				C00565F51FB3B9BA00181146 /* AppDelegate.m in Sources */,
			);
			runOnlyForDeploymentPostprocessing = 0;
		};
/* End PBXSourcesBuildPhase section */

/* Begin PBXVariantGroup section */
		C00565F91FB3B9BA00181146 /* Main.storyboard */ = {
			isa = PBXVariantGroup;
			children = (
				C00565FA1FB3B9BA00181146 /* Base */,
			);
			name = Main.storyboard;
			sourceTree = "<group>";
		};
		C00565FE1FB3B9BA00181146 /* LaunchScreen.storyboard */ = {
			isa = PBXVariantGroup;
			children = (
				C00565FF1FB3B9BA00181146 /* Base */,
			);
			name = LaunchScreen.storyboard;
			sourceTree = "<group>";
		};
/* End PBXVariantGroup section */

/* Begin XCBuildConfiguration section */
		C00566041FB3B9BA00181146 /* Debug */ = {
			isa = XCBuildConfiguration;
			buildSettings = {
				ALWAYS_SEARCH_USER_PATHS = NO;
				CLANG_ANALYZER_NONNULL = YES;
				CLANG_ANALYZER_NUMBER_OBJECT_CONVERSION = YES_AGGRESSIVE;
				CLANG_CXX_LANGUAGE_STANDARD = "gnu++14";
				CLANG_CXX_LIBRARY = "libc++";
				CLANG_ENABLE_MODULES = YES;
				CLANG_ENABLE_OBJC_ARC = YES;
				CLANG_WARN_BLOCK_CAPTURE_AUTORELEASING = YES;
				CLANG_WARN_BOOL_CONVERSION = YES;
				CLANG_WARN_COMMA = YES;
				CLANG_WARN_CONSTANT_CONVERSION = YES;
				CLANG_WARN_DIRECT_OBJC_ISA_USAGE = YES_ERROR;
				CLANG_WARN_DOCUMENTATION_COMMENTS = YES;
				CLANG_WARN_EMPTY_BODY = YES;
				CLANG_WARN_ENUM_CONVERSION = YES;
				CLANG_WARN_INFINITE_RECURSION = YES;
				CLANG_WARN_INT_CONVERSION = YES;
				CLANG_WARN_NON_LITERAL_NULL_CONVERSION = YES;
				CLANG_WARN_OBJC_LITERAL_CONVERSION = YES;
				CLANG_WARN_OBJC_ROOT_CLASS = YES_ERROR;
				CLANG_WARN_RANGE_LOOP_ANALYSIS = YES;
				CLANG_WARN_STRICT_PROTOTYPES = YES;
				CLANG_WARN_SUSPICIOUS_MOVE = YES;
				CLANG_WARN_UNGUARDED_AVAILABILITY = YES_AGGRESSIVE;
				CLANG_WARN_UNREACHABLE_CODE = YES;
				CLANG_WARN__DUPLICATE_METHOD_MATCH = YES;
				CODE_SIGN_IDENTITY = "iPhone Developer";
				COPY_PHASE_STRIP = NO;
				DEBUG_INFORMATION_FORMAT = dwarf;
				ENABLE_STRICT_OBJC_MSGSEND = YES;
				ENABLE_TESTABILITY = YES;
				GCC_C_LANGUAGE_STANDARD = gnu11;
				GCC_DYNAMIC_NO_PIC = NO;
				GCC_NO_COMMON_BLOCKS = YES;
				GCC_OPTIMIZATION_LEVEL = 0;
				GCC_PREPROCESSOR_DEFINITIONS = (
					"DEBUG=1",
					"$(inherited)",
				);
				GCC_WARN_64_TO_32_BIT_CONVERSION = YES;
				GCC_WARN_ABOUT_RETURN_TYPE = YES_ERROR;
				GCC_WARN_UNDECLARED_SELECTOR = YES;
				GCC_WARN_UNINITIALIZED_AUTOS = YES_AGGRESSIVE;
				GCC_WARN_UNUSED_FUNCTION = YES;
				GCC_WARN_UNUSED_VARIABLE = YES;
				IPHONEOS_DEPLOYMENT_TARGET = 11.1;
				MTL_ENABLE_DEBUG_INFO = YES;
				ONLY_ACTIVE_ARCH = YES;
				SDKROOT = iphoneos;
			};
			name = Debug;
		};
		C00566051FB3B9BA00181146 /* Release */ = {
			isa = XCBuildConfiguration;
			buildSettings = {
				ALWAYS_SEARCH_USER_PATHS = NO;
				CLANG_ANALYZER_NONNULL = YES;
				CLANG_ANALYZER_NUMBER_OBJECT_CONVERSION = YES_AGGRESSIVE;
				CLANG_CXX_LANGUAGE_STANDARD = "gnu++14";
				CLANG_CXX_LIBRARY = "libc++";
				CLANG_ENABLE_MODULES = YES;
				CLANG_ENABLE_OBJC_ARC = YES;
				CLANG_WARN_BLOCK_CAPTURE_AUTORELEASING = YES;
				CLANG_WARN_BOOL_CONVERSION = YES;
				CLANG_WARN_COMMA = YES;
				CLANG_WARN_CONSTANT_CONVERSION = YES;
				CLANG_WARN_DIRECT_OBJC_ISA_USAGE = YES_ERROR;
				CLANG_WARN_DOCUMENTATION_COMMENTS = YES;
				CLANG_WARN_EMPTY_BODY = YES;
				CLANG_WARN_ENUM_CONVERSION = YES;
				CLANG_WARN_INFINITE_RECURSION = YES;
				CLANG_WARN_INT_CONVERSION = YES;
				CLANG_WARN_NON_LITERAL_NULL_CONVERSION = YES;
				CLANG_WARN_OBJC_LITERAL_CONVERSION = YES;
				CLANG_WARN_OBJC_ROOT_CLASS = YES_ERROR;
				CLANG_WARN_RANGE_LOOP_ANALYSIS = YES;
				CLANG_WARN_STRICT_PROTOTYPES = YES;
				CLANG_WARN_SUSPICIOUS_MOVE = YES;
				CLANG_WARN_UNGUARDED_AVAILABILITY = YES_AGGRESSIVE;
				CLANG_WARN_UNREACHABLE_CODE = YES;
				CLANG_WARN__DUPLICATE_METHOD_MATCH = YES;
				CODE_SIGN_IDENTITY = "iPhone Developer";
				COPY_PHASE_STRIP = NO;
				DEBUG_INFORMATION_FORMAT = "dwarf-with-dsym";
				ENABLE_NS_ASSERTIONS = NO;
				ENABLE_STRICT_OBJC_MSGSEND = YES;
				GCC_C_LANGUAGE_STANDARD = gnu11;
				GCC_NO_COMMON_BLOCKS = YES;
				GCC_WARN_64_TO_32_BIT_CONVERSION = YES;
				GCC_WARN_ABOUT_RETURN_TYPE = YES_ERROR;
				GCC_WARN_UNDECLARED_SELECTOR = YES;
				GCC_WARN_UNINITIALIZED_AUTOS = YES_AGGRESSIVE;
				GCC_WARN_UNUSED_FUNCTION = YES;
				GCC_WARN_UNUSED_VARIABLE = YES;
				IPHONEOS_DEPLOYMENT_TARGET = 11.1;
				MTL_ENABLE_DEBUG_INFO = NO;
				SDKROOT = iphoneos;
				VALIDATE_PRODUCT = YES;
			};
			name = Release;
		};
		C00566071FB3B9BA00181146 /* Debug */ = {
			isa = XCBuildConfiguration;
			buildSettings = {
				ASSETCATALOG_COMPILER_APPICON_NAME = AppIcon;
				CODE_SIGN_STYLE = Automatic;
				INFOPLIST_FILE = BillSplitter/Info.plist;
				LD_RUNPATH_SEARCH_PATHS = "$(inherited) @executable_path/Frameworks";
				PRODUCT_BUNDLE_IDENTIFIER = Daniel.Grosman.BillSplitter;
				PRODUCT_NAME = "$(TARGET_NAME)";
				TARGETED_DEVICE_FAMILY = "1,2";
			};
			name = Debug;
		};
		C00566081FB3B9BA00181146 /* Release */ = {
			isa = XCBuildConfiguration;
			buildSettings = {
				ASSETCATALOG_COMPILER_APPICON_NAME = AppIcon;
				CODE_SIGN_STYLE = Automatic;
				INFOPLIST_FILE = BillSplitter/Info.plist;
				LD_RUNPATH_SEARCH_PATHS = "$(inherited) @executable_path/Frameworks";
				PRODUCT_BUNDLE_IDENTIFIER = Daniel.Grosman.BillSplitter;
				PRODUCT_NAME = "$(TARGET_NAME)";
				TARGETED_DEVICE_FAMILY = "1,2";
			};
			name = Release;
		};
/* End XCBuildConfiguration section */

/* Begin XCConfigurationList section */
		C00565EB1FB3B9BA00181146 /* Build configuration list for PBXProject "BillSplitter" */ = {
			isa = XCConfigurationList;
			buildConfigurations = (
				C00566041FB3B9BA00181146 /* Debug */,
				C00566051FB3B9BA00181146 /* Release */,
			);
			defaultConfigurationIsVisible = 0;
			defaultConfigurationName = Release;
		};
		C00566061FB3B9BA00181146 /* Build configuration list for PBXNativeTarget "BillSplitter" */ = {
			isa = XCConfigurationList;
			buildConfigurations = (
				C00566071FB3B9BA00181146 /* Debug */,
				C00566081FB3B9BA00181146 /* Release */,
			);
			defaultConfigurationIsVisible = 0;
			defaultConfigurationName = Release;
		};
/* End XCConfigurationList section */
	};
	rootObject = C00565E81FB3B9BA00181146 /* Project object */;
}
